
Microsoft Visual Studio Solution File, Format Version 12.00
# Visual Studio Version 16
VisualStudioVersion = 16.0.30204.135
MinimumVisualStudioVersion = 10.0.40219.1
Project("{FAE04EC0-301F-11D3-BF4B-00C04F79EFBC}") = "Fundoshi", "Fundoshi\Fundoshi.csproj", "{8147D6CD-C2BA-4C66-BE7A-4A3D5EEB2304}"
EndProject
Global
	GlobalSection(SolutionConfigurationPlatforms) = preSolution
		Debug|Any CPU = Debug|Any CPU
		Release|Any CPU = Release|Any CPU
	EndGlobalSection
	GlobalSection(ProjectConfigurationPlatforms) = postSolution
		{8147D6CD-C2BA-4C66-BE7A-4A3D5EEB2304}.Debug|Any CPU.ActiveCfg = Debug|Any CPU
		{8147D6CD-C2BA-4C66-BE7A-4A3D5EEB2304}.Debug|Any CPU.Build.0 = Debug|Any CPU
		{8147D6CD-C2BA-4C66-BE7A-4A3D5EEB2304}.Release|Any CPU.ActiveCfg = Release|Any CPU
		{8147D6CD-C2BA-4C66-BE7A-4A3D5EEB2304}.Release|Any CPU.Build.0 = Release|Any CPU
	EndGlobalSection
	GlobalSection(SolutionProperties) = preSolution
		HideSolutionNode = FALSE
	EndGlobalSection
	GlobalSection(ExtensibilityGlobals) = postSolution
		SolutionGuid = {67E09F8E-824F-4A96-B075-912C19CCE3A7}
	EndGlobalSection
EndGlobal
